
Microsoft Visual Studio Solution File, Format Version 12.00
# Visual Studio Version 16
VisualStudioVersion = 16.0.30413.136
MinimumVisualStudioVersion = 10.0.40219.1
Project("{FAE04EC0-301F-11D3-BF4B-00C04F79EFBC}") = "DotnetBenchmarks", "DotnetBenchmarks\DotnetBenchmarks.csproj", "{6A406F8C-6120-411C-B8B4-4F12046DEABB}"
EndProject
Global
	GlobalSection(SolutionConfigurationPlatforms) = preSolution
		Debug|Any CPU = Debug|Any CPU
		Release|Any CPU = Release|Any CPU
	EndGlobalSection
	GlobalSection(ProjectConfigurationPlatforms) = postSolution
		{6A406F8C-6120-411C-B8B4-4F12046DEABB}.Debug|Any CPU.ActiveCfg = Debug|Any CPU
		{6A406F8C-6120-411C-B8B4-4F12046DEABB}.Debug|Any CPU.Build.0 = Debug|Any CPU
		{6A406F8C-6120-411C-B8B4-4F12046DEABB}.Release|Any CPU.ActiveCfg = Release|Any CPU
		{6A406F8C-6120-411C-B8B4-4F12046DEABB}.Release|Any CPU.Build.0 = Release|Any CPU
	EndGlobalSection
	GlobalSection(SolutionProperties) = preSolution
		HideSolutionNode = FALSE
	EndGlobalSection
	GlobalSection(ExtensibilityGlobals) = postSolution
		SolutionGuid = {EC959596-B084-41DB-9824-9EC34E065F4C}
	EndGlobalSection
EndGlobal
